
Microsoft Visual Studio Solution File, Format Version 12.00
# Visual Studio 2012
Project("{FAE04EC0-301F-11D3-BF4B-00C04F79EFBC}") = "FizzBuzz", "FizzBuzz\FizzBuzz.csproj", "{744C17A7-26F7-489F-B12A-8520B067E8AD}"
EndProject
Project("{FAE04EC0-301F-11D3-BF4B-00C04F79EFBC}") = "FizzBuzz.Tests", "FizzBuzz.Tests\FizzBuzz.Tests.csproj", "{45F0EF2B-E8AA-4B51-AC24-BAEFE9B48B7C}"
EndProject
Project("{2150E333-8FDC-42A3-9474-1A3956D46DE8}") = "_tests", "_tests", "{D541DCD6-7C54-49B2-8831-9049C54D20D3}"
EndProject
Global
	GlobalSection(SolutionConfigurationPlatforms) = preSolution
		Debug|Any CPU = Debug|Any CPU
		Release|Any CPU = Release|Any CPU
	EndGlobalSection
	GlobalSection(ProjectConfigurationPlatforms) = postSolution
		{744C17A7-26F7-489F-B12A-8520B067E8AD}.Debug|Any CPU.ActiveCfg = Debug|Any CPU
		{744C17A7-26F7-489F-B12A-8520B067E8AD}.Debug|Any CPU.Build.0 = Debug|Any CPU
		{744C17A7-26F7-489F-B12A-8520B067E8AD}.Release|Any CPU.ActiveCfg = Release|Any CPU
		{744C17A7-26F7-489F-B12A-8520B067E8AD}.Release|Any CPU.Build.0 = Release|Any CPU
		{45F0EF2B-E8AA-4B51-AC24-BAEFE9B48B7C}.Debug|Any CPU.ActiveCfg = Debug|Any CPU
		{45F0EF2B-E8AA-4B51-AC24-BAEFE9B48B7C}.Debug|Any CPU.Build.0 = Debug|Any CPU
		{45F0EF2B-E8AA-4B51-AC24-BAEFE9B48B7C}.Release|Any CPU.ActiveCfg = Release|Any CPU
		{45F0EF2B-E8AA-4B51-AC24-BAEFE9B48B7C}.Release|Any CPU.Build.0 = Release|Any CPU
	EndGlobalSection
	GlobalSection(SolutionProperties) = preSolution
		HideSolutionNode = FALSE
	EndGlobalSection
	GlobalSection(NestedProjects) = preSolution
		{45F0EF2B-E8AA-4B51-AC24-BAEFE9B48B7C} = {D541DCD6-7C54-49B2-8831-9049C54D20D3}
	EndGlobalSection
EndGlobal
